
Microsoft Visual Studio Solution File, Format Version 12.00
# Visual Studio Version 17
VisualStudioVersion = 17.14.36705.20
MinimumVisualStudioVersion = 10.0.40219.1
Project("{FAE04EC0-301F-11D3-BF4B-00C04F79EFBC}") = "I9Audit", "I9Audit.csproj", "{415D7996-0AAC-FEFC-E93C-4C78480D8053}"
EndProject
Global
	GlobalSection(SolutionConfigurationPlatforms) = preSolution
		Debug|Any CPU = Debug|Any CPU
		Release|Any CPU = Release|Any CPU
	EndGlobalSection
	GlobalSection(ProjectConfigurationPlatforms) = postSolution
		{415D7996-0AAC-FEFC-E93C-4C78480D8053}.Debug|Any CPU.ActiveCfg = Debug|Any CPU
		{415D7996-0AAC-FEFC-E93C-4C78480D8053}.Debug|Any CPU.Build.0 = Debug|Any CPU
		{415D7996-0AAC-FEFC-E93C-4C78480D8053}.Release|Any CPU.ActiveCfg = Release|Any CPU
		{415D7996-0AAC-FEFC-E93C-4C78480D8053}.Release|Any CPU.Build.0 = Release|Any CPU
	EndGlobalSection
	GlobalSection(SolutionProperties) = preSolution
		HideSolutionNode = FALSE
	EndGlobalSection
	GlobalSection(ExtensibilityGlobals) = postSolution
		SolutionGuid = {6E87372A-F672-4C26-8E38-46964B69673C}
	EndGlobalSection
EndGlobal
